
Microsoft Visual Studio Solution File, Format Version 12.00
# Visual Studio Version 17
VisualStudioVersion = 17.2.32630.192
MinimumVisualStudioVersion = 10.0.40219.1
Project("{FAE04EC0-301F-11D3-BF4B-00C04F79EFBC}") = "Movies.Android", "Movies\Movies.Android\Movies.Android.csproj", "{2F03E18B-F1D1-4F46-8027-7F3FB54F20FD}"
EndProject
Project("{FAE04EC0-301F-11D3-BF4B-00C04F79EFBC}") = "System.Extensions", "..\..\Code\C#\System.Extensions\System.Extensions.csproj", "{F2E94F0B-5217-44A2-8747-A28C1D8C7E4B}"
EndProject
Project("{FAE04EC0-301F-11D3-BF4B-00C04F79EFBC}") = "Xamarin.Forms.Extensions", "..\..\Code\C#\Xamarin.Forms.Extensions\Xamarin.Forms.Extensions.csproj", "{393A81A0-558D-4901-AEBA-5D08E67F02AF}"
EndProject
Project("{FAE04EC0-301F-11D3-BF4B-00C04F79EFBC}") = "Movies.iOS", "Movies\Movies.iOS\Movies.iOS.csproj", "{DF3B7065-5B66-4340-89B1-5FAE32646224}"
EndProject
Project("{9A19103F-16F7-4668-BE54-9A1E7A4F7556}") = "MoviesTests", "MoviesTests\MoviesTests.csproj", "{E19946A6-A31A-4FDD-8E38-1D7873EB8836}"
EndProject
Project("{9A19103F-16F7-4668-BE54-9A1E7A4F7556}") = "Movies", "Movies\Movies\Movies.csproj", "{507D7663-212D-4E72-842D-D0689E57777F}"
EndProject
Global
	GlobalSection(SolutionConfigurationPlatforms) = preSolution
		Debug|Any CPU = Debug|Any CPU
		Debug|iPhone = Debug|iPhone
		Debug|iPhoneSimulator = Debug|iPhoneSimulator
		Release Ad Hoc|Any CPU = Release Ad Hoc|Any CPU
		Release Ad Hoc|iPhone = Release Ad Hoc|iPhone
		Release Ad Hoc|iPhoneSimulator = Release Ad Hoc|iPhoneSimulator
		Release Distribution|Any CPU = Release Distribution|Any CPU
		Release Distribution|iPhone = Release Distribution|iPhone
		Release Distribution|iPhoneSimulator = Release Distribution|iPhoneSimulator
		Sample|Any CPU = Sample|Any CPU
		Sample|iPhone = Sample|iPhone
		Sample|iPhoneSimulator = Sample|iPhoneSimulator
		Screenshots|Any CPU = Screenshots|Any CPU
		Screenshots|iPhone = Screenshots|iPhone
		Screenshots|iPhoneSimulator = Screenshots|iPhoneSimulator
	EndGlobalSection
	GlobalSection(ProjectConfigurationPlatforms) = postSolution
		{2F03E18B-F1D1-4F46-8027-7F3FB54F20FD}.Debug|Any CPU.ActiveCfg = Debug|Any CPU
		{2F03E18B-F1D1-4F46-8027-7F3FB54F20FD}.Debug|Any CPU.Build.0 = Debug|Any CPU
		{2F03E18B-F1D1-4F46-8027-7F3FB54F20FD}.Debug|Any CPU.Deploy.0 = Debug|Any CPU
		{2F03E18B-F1D1-4F46-8027-7F3FB54F20FD}.Debug|iPhone.ActiveCfg = Debug|Any CPU
		{2F03E18B-F1D1-4F46-8027-7F3FB54F20FD}.Debug|iPhone.Build.0 = Debug|Any CPU
		{2F03E18B-F1D1-4F46-8027-7F3FB54F20FD}.Debug|iPhone.Deploy.0 = Debug|Any CPU
		{2F03E18B-F1D1-4F46-8027-7F3FB54F20FD}.Debug|iPhoneSimulator.ActiveCfg = Debug|Any CPU
		{2F03E18B-F1D1-4F46-8027-7F3FB54F20FD}.Debug|iPhoneSimulator.Build.0 = Debug|Any CPU
		{2F03E18B-F1D1-4F46-8027-7F3FB54F20FD}.Debug|iPhoneSimulator.Deploy.0 = Debug|Any CPU
		{2F03E18B-F1D1-4F46-8027-7F3FB54F20FD}.Release Ad Hoc|Any CPU.ActiveCfg = Release Ad Hoc|Any CPU
		{2F03E18B-F1D1-4F46-8027-7F3FB54F20FD}.Release Ad Hoc|Any CPU.Build.0 = Release Ad Hoc|Any CPU
		{2F03E18B-F1D1-4F46-8027-7F3FB54F20FD}.Release Ad Hoc|Any CPU.Deploy.0 = Release Ad Hoc|Any CPU
		{2F03E18B-F1D1-4F46-8027-7F3FB54F20FD}.Release Ad Hoc|iPhone.ActiveCfg = Release Ad Hoc|Any CPU
		{2F03E18B-F1D1-4F46-8027-7F3FB54F20FD}.Release Ad Hoc|iPhone.Build.0 = Release Ad Hoc|Any CPU
		{2F03E18B-F1D1-4F46-8027-7F3FB54F20FD}.Release Ad Hoc|iPhone.Deploy.0 = Release Ad Hoc|Any CPU
		{2F03E18B-F1D1-4F46-8027-7F3FB54F20FD}.Release Ad Hoc|iPhoneSimulator.ActiveCfg = Release Ad Hoc|Any CPU
		{2F03E18B-F1D1-4F46-8027-7F3FB54F20FD}.Release Ad Hoc|iPhoneSimulator.Build.0 = Release Ad Hoc|Any CPU
		{2F03E18B-F1D1-4F46-8027-7F3FB54F20FD}.Release Ad Hoc|iPhoneSimulator.Deploy.0 = Release Ad Hoc|Any CPU
		{2F03E18B-F1D1-4F46-8027-7F3FB54F20FD}.Release Distribution|Any CPU.ActiveCfg = Release|Any CPU
		{2F03E18B-F1D1-4F46-8027-7F3FB54F20FD}.Release Distribution|Any CPU.Build.0 = Release|Any CPU
		{2F03E18B-F1D1-4F46-8027-7F3FB54F20FD}.Release Distribution|Any CPU.Deploy.0 = Release|Any CPU
		{2F03E18B-F1D1-4F46-8027-7F3FB54F20FD}.Release Distribution|iPhone.ActiveCfg = Release|Any CPU
		{2F03E18B-F1D1-4F46-8027-7F3FB54F20FD}.Release Distribution|iPhone.Build.0 = Release|Any CPU
		{2F03E18B-F1D1-4F46-8027-7F3FB54F20FD}.Release Distribution|iPhone.Deploy.0 = Release|Any CPU
		{2F03E18B-F1D1-4F46-8027-7F3FB54F20FD}.Release Distribution|iPhoneSimulator.ActiveCfg = Release|Any CPU
		{2F03E18B-F1D1-4F46-8027-7F3FB54F20FD}.Release Distribution|iPhoneSimulator.Build.0 = Release|Any CPU
		{2F03E18B-F1D1-4F46-8027-7F3FB54F20FD}.Release Distribution|iPhoneSimulator.Deploy.0 = Release|Any CPU
		{2F03E18B-F1D1-4F46-8027-7F3FB54F20FD}.Sample|Any CPU.ActiveCfg = Debug|Any CPU
		{2F03E18B-F1D1-4F46-8027-7F3FB54F20FD}.Sample|Any CPU.Build.0 = Debug|Any CPU
		{2F03E18B-F1D1-4F46-8027-7F3FB54F20FD}.Sample|Any CPU.Deploy.0 = Debug|Any CPU
		{2F03E18B-F1D1-4F46-8027-7F3FB54F20FD}.Sample|iPhone.ActiveCfg = Debug|Any CPU
		{2F03E18B-F1D1-4F46-8027-7F3FB54F20FD}.Sample|iPhone.Build.0 = Debug|Any CPU
		{2F03E18B-F1D1-4F46-8027-7F3FB54F20FD}.Sample|iPhone.Deploy.0 = Debug|Any CPU
		{2F03E18B-F1D1-4F46-8027-7F3FB54F20FD}.Sample|iPhoneSimulator.ActiveCfg = Debug|Any CPU
		{2F03E18B-F1D1-4F46-8027-7F3FB54F20FD}.Sample|iPhoneSimulator.Build.0 = Debug|Any CPU
		{2F03E18B-F1D1-4F46-8027-7F3FB54F20FD}.Sample|iPhoneSimulator.Deploy.0 = Debug|Any CPU
		{2F03E18B-F1D1-4F46-8027-7F3FB54F20FD}.Screenshots|Any CPU.ActiveCfg = Debug|Any CPU
		{2F03E18B-F1D1-4F46-8027-7F3FB54F20FD}.Screenshots|Any CPU.Build.0 = Debug|Any CPU
		{2F03E18B-F1D1-4F46-8027-7F3FB54F20FD}.Screenshots|Any CPU.Deploy.0 = Debug|Any CPU
		{2F03E18B-F1D1-4F46-8027-7F3FB54F20FD}.Screenshots|iPhone.ActiveCfg = Debug|Any CPU
		{2F03E18B-F1D1-4F46-8027-7F3FB54F20FD}.Screenshots|iPhone.Build.0 = Debug|Any CPU
		{2F03E18B-F1D1-4F46-8027-7F3FB54F20FD}.Screenshots|iPhone.Deploy.0 = Debug|Any CPU
		{2F03E18B-F1D1-4F46-8027-7F3FB54F20FD}.Screenshots|iPhoneSimulator.ActiveCfg = Debug|Any CPU
		{2F03E18B-F1D1-4F46-8027-7F3FB54F20FD}.Screenshots|iPhoneSimulator.Build.0 = Debug|Any CPU
		{2F03E18B-F1D1-4F46-8027-7F3FB54F20FD}.Screenshots|iPhoneSimulator.Deploy.0 = Debug|Any CPU
		{F2E94F0B-5217-44A2-8747-A28C1D8C7E4B}.Debug|Any CPU.ActiveCfg = Debug|Any CPU
		{F2E94F0B-5217-44A2-8747-A28C1D8C7E4B}.Debug|Any CPU.Build.0 = Debug|Any CPU
		{F2E94F0B-5217-44A2-8747-A28C1D8C7E4B}.Debug|iPhone.ActiveCfg = Debug|Any CPU
		{F2E94F0B-5217-44A2-8747-A28C1D8C7E4B}.Debug|iPhone.Build.0 = Debug|Any CPU
		{F2E94F0B-5217-44A2-8747-A28C1D8C7E4B}.Debug|iPhoneSimulator.ActiveCfg = Debug|Any CPU
		{F2E94F0B-5217-44A2-8747-A28C1D8C7E4B}.Debug|iPhoneSimulator.Build.0 = Debug|Any CPU
		{F2E94F0B-5217-44A2-8747-A28C1D8C7E4B}.Release Ad Hoc|Any CPU.ActiveCfg = Release Ad Hoc|Any CPU
		{F2E94F0B-5217-44A2-8747-A28C1D8C7E4B}.Release Ad Hoc|Any CPU.Build.0 = Release Ad Hoc|Any CPU
		{F2E94F0B-5217-44A2-8747-A28C1D8C7E4B}.Release Ad Hoc|iPhone.ActiveCfg = Release Ad Hoc|Any CPU
		{F2E94F0B-5217-44A2-8747-A28C1D8C7E4B}.Release Ad Hoc|iPhone.Build.0 = Release Ad Hoc|Any CPU
		{F2E94F0B-5217-44A2-8747-A28C1D8C7E4B}.Release Ad Hoc|iPhoneSimulator.ActiveCfg = Release Ad Hoc|Any CPU
		{F2E94F0B-5217-44A2-8747-A28C1D8C7E4B}.Release Ad Hoc|iPhoneSimulator.Build.0 = Release Ad Hoc|Any CPU
		{F2E94F0B-5217-44A2-8747-A28C1D8C7E4B}.Release Distribution|Any CPU.ActiveCfg = Release|Any CPU
		{F2E94F0B-5217-44A2-8747-A28C1D8C7E4B}.Release Distribution|Any CPU.Build.0 = Release|Any CPU
		{F2E94F0B-5217-44A2-8747-A28C1D8C7E4B}.Release Distribution|iPhone.ActiveCfg = Release|Any CPU
		{F2E94F0B-5217-44A2-8747-A28C1D8C7E4B}.Release Distribution|iPhone.Build.0 = Release|Any CPU
		{F2E94F0B-5217-44A2-8747-A28C1D8C7E4B}.Release Distribution|iPhoneSimulator.ActiveCfg = Release|Any CPU
		{F2E94F0B-5217-44A2-8747-A28C1D8C7E4B}.Release Distribution|iPhoneSimulator.Build.0 = Release|Any CPU
		{F2E94F0B-5217-44A2-8747-A28C1D8C7E4B}.Sample|Any CPU.ActiveCfg = Sample|Any CPU
		{F2E94F0B-5217-44A2-8747-A28C1D8C7E4B}.Sample|Any CPU.Build.0 = Sample|Any CPU
		{F2E94F0B-5217-44A2-8747-A28C1D8C7E4B}.Sample|iPhone.ActiveCfg = Sample|Any CPU
		{F2E94F0B-5217-44A2-8747-A28C1D8C7E4B}.Sample|iPhone.Build.0 = Sample|Any CPU
		{F2E94F0B-5217-44A2-8747-A28C1D8C7E4B}.Sample|iPhoneSimulator.ActiveCfg = Sample|Any CPU
		{F2E94F0B-5217-44A2-8747-A28C1D8C7E4B}.Sample|iPhoneSimulator.Build.0 = Sample|Any CPU
		{F2E94F0B-5217-44A2-8747-A28C1D8C7E4B}.Screenshots|Any CPU.ActiveCfg = Screenshots|Any CPU
		{F2E94F0B-5217-44A2-8747-A28C1D8C7E4B}.Screenshots|Any CPU.Build.0 = Screenshots|Any CPU
		{F2E94F0B-5217-44A2-8747-A28C1D8C7E4B}.Screenshots|iPhone.ActiveCfg = Screenshots|Any CPU
		{F2E94F0B-5217-44A2-8747-A28C1D8C7E4B}.Screenshots|iPhone.Build.0 = Screenshots|Any CPU
		{F2E94F0B-5217-44A2-8747-A28C1D8C7E4B}.Screenshots|iPhoneSimulator.ActiveCfg = Screenshots|Any CPU
		{F2E94F0B-5217-44A2-8747-A28C1D8C7E4B}.Screenshots|iPhoneSimulator.Build.0 = Screenshots|Any CPU
		{393A81A0-558D-4901-AEBA-5D08E67F02AF}.Debug|Any CPU.ActiveCfg = Debug|Any CPU
		{393A81A0-558D-4901-AEBA-5D08E67F02AF}.Debug|Any CPU.Build.0 = Debug|Any CPU
		{393A81A0-558D-4901-AEBA-5D08E67F02AF}.Debug|iPhone.ActiveCfg = Debug|Any CPU
		{393A81A0-558D-4901-AEBA-5D08E67F02AF}.Debug|iPhone.Build.0 = Debug|Any CPU
		{393A81A0-558D-4901-AEBA-5D08E67F02AF}.Debug|iPhoneSimulator.ActiveCfg = Debug|Any CPU
		{393A81A0-558D-4901-AEBA-5D08E67F02AF}.Debug|iPhoneSimulator.Build.0 = Debug|Any CPU
		{393A81A0-558D-4901-AEBA-5D08E67F02AF}.Release Ad Hoc|Any CPU.ActiveCfg = Release Ad Hoc|Any CPU
		{393A81A0-558D-4901-AEBA-5D08E67F02AF}.Release Ad Hoc|Any CPU.Build.0 = Release Ad Hoc|Any CPU
		{393A81A0-558D-4901-AEBA-5D08E67F02AF}.Release Ad Hoc|iPhone.ActiveCfg = Release Ad Hoc|Any CPU
		{393A81A0-558D-4901-AEBA-5D08E67F02AF}.Release Ad Hoc|iPhone.Build.0 = Release Ad Hoc|Any CPU
		{393A81A0-558D-4901-AEBA-5D08E67F02AF}.Release Ad Hoc|iPhoneSimulator.ActiveCfg = Release Ad Hoc|Any CPU
		{393A81A0-558D-4901-AEBA-5D08E67F02AF}.Release Ad Hoc|iPhoneSimulator.Build.0 = Release Ad Hoc|Any CPU
		{393A81A0-558D-4901-AEBA-5D08E67F02AF}.Release Distribution|Any CPU.ActiveCfg = Release|Any CPU
		{393A81A0-558D-4901-AEBA-5D08E67F02AF}.Release Distribution|Any CPU.Build.0 = Release|Any CPU
		{393A81A0-558D-4901-AEBA-5D08E67F02AF}.Release Distribution|iPhone.ActiveCfg = Release|Any CPU
		{393A81A0-558D-4901-AEBA-5D08E67F02AF}.Release Distribution|iPhone.Build.0 = Release|Any CPU
		{393A81A0-558D-4901-AEBA-5D08E67F02AF}.Release Distribution|iPhoneSimulator.ActiveCfg = Release|Any CPU
		{393A81A0-558D-4901-AEBA-5D08E67F02AF}.Release Distribution|iPhoneSimulator.Build.0 = Release|Any CPU
		{393A81A0-558D-4901-AEBA-5D08E67F02AF}.Sample|Any CPU.ActiveCfg = Sample|Any CPU
		{393A81A0-558D-4901-AEBA-5D08E67F02AF}.Sample|Any CPU.Build.0 = Sample|Any CPU
		{393A81A0-558D-4901-AEBA-5D08E67F02AF}.Sample|iPhone.ActiveCfg = Sample|Any CPU
		{393A81A0-558D-4901-AEBA-5D08E67F02AF}.Sample|iPhone.Build.0 = Sample|Any CPU
		{393A81A0-558D-4901-AEBA-5D08E67F02AF}.Sample|iPhoneSimulator.ActiveCfg = Sample|Any CPU
		{393A81A0-558D-4901-AEBA-5D08E67F02AF}.Sample|iPhoneSimulator.Build.0 = Sample|Any CPU
		{393A81A0-558D-4901-AEBA-5D08E67F02AF}.Screenshots|Any CPU.ActiveCfg = Screenshots|Any CPU
		{393A81A0-558D-4901-AEBA-5D08E67F02AF}.Screenshots|Any CPU.Build.0 = Screenshots|Any CPU
		{393A81A0-558D-4901-AEBA-5D08E67F02AF}.Screenshots|iPhone.ActiveCfg = Screenshots|Any CPU
		{393A81A0-558D-4901-AEBA-5D08E67F02AF}.Screenshots|iPhone.Build.0 = Screenshots|Any CPU
		{393A81A0-558D-4901-AEBA-5D08E67F02AF}.Screenshots|iPhoneSimulator.ActiveCfg = Screenshots|Any CPU
		{393A81A0-558D-4901-AEBA-5D08E67F02AF}.Screenshots|iPhoneSimulator.Build.0 = Screenshots|Any CPU
		{DF3B7065-5B66-4340-89B1-5FAE32646224}.Debug|Any CPU.ActiveCfg = Debug|iPhoneSimulator
		{DF3B7065-5B66-4340-89B1-5FAE32646224}.Debug|Any CPU.Build.0 = Debug|iPhoneSimulator
		{DF3B7065-5B66-4340-89B1-5FAE32646224}.Debug|iPhone.ActiveCfg = Debug|iPhone
		{DF3B7065-5B66-4340-89B1-5FAE32646224}.Debug|iPhone.Build.0 = Debug|iPhone
		{DF3B7065-5B66-4340-89B1-5FAE32646224}.Debug|iPhone.Deploy.0 = Debug|iPhone
		{DF3B7065-5B66-4340-89B1-5FAE32646224}.Debug|iPhoneSimulator.ActiveCfg = Debug|iPhoneSimulator
		{DF3B7065-5B66-4340-89B1-5FAE32646224}.Debug|iPhoneSimulator.Build.0 = Debug|iPhoneSimulator
		{DF3B7065-5B66-4340-89B1-5FAE32646224}.Release Ad Hoc|Any CPU.ActiveCfg = Release Ad Hoc|iPhoneSimulator
		{DF3B7065-5B66-4340-89B1-5FAE32646224}.Release Ad Hoc|Any CPU.Build.0 = Release Ad Hoc|iPhoneSimulator
		{DF3B7065-5B66-4340-89B1-5FAE32646224}.Release Ad Hoc|iPhone.ActiveCfg = Release Ad Hoc|iPhone
		{DF3B7065-5B66-4340-89B1-5FAE32646224}.Release Ad Hoc|iPhone.Build.0 = Release Ad Hoc|iPhone
		{DF3B7065-5B66-4340-89B1-5FAE32646224}.Release Ad Hoc|iPhone.Deploy.0 = Release Ad Hoc|iPhone
		{DF3B7065-5B66-4340-89B1-5FAE32646224}.Release Ad Hoc|iPhoneSimulator.ActiveCfg = Release Ad Hoc|iPhoneSimulator
		{DF3B7065-5B66-4340-89B1-5FAE32646224}.Release Ad Hoc|iPhoneSimulator.Build.0 = Release Ad Hoc|iPhoneSimulator
		{DF3B7065-5B66-4340-89B1-5FAE32646224}.Release Distribution|Any CPU.ActiveCfg = Release|iPhoneSimulator
		{DF3B7065-5B66-4340-89B1-5FAE32646224}.Release Distribution|Any CPU.Build.0 = Release|iPhoneSimulator
		{DF3B7065-5B66-4340-89B1-5FAE32646224}.Release Distribution|iPhone.ActiveCfg = Release|iPhone
		{DF3B7065-5B66-4340-89B1-5FAE32646224}.Release Distribution|iPhone.Build.0 = Release|iPhone
		{DF3B7065-5B66-4340-89B1-5FAE32646224}.Release Distribution|iPhone.Deploy.0 = Release|iPhone
		{DF3B7065-5B66-4340-89B1-5FAE32646224}.Release Distribution|iPhoneSimulator.ActiveCfg = Release|iPhoneSimulator
		{DF3B7065-5B66-4340-89B1-5FAE32646224}.Release Distribution|iPhoneSimulator.Build.0 = Release|iPhoneSimulator
		{DF3B7065-5B66-4340-89B1-5FAE32646224}.Sample|Any CPU.ActiveCfg = Debug|iPhoneSimulator
		{DF3B7065-5B66-4340-89B1-5FAE32646224}.Sample|Any CPU.Build.0 = Debug|iPhoneSimulator
		{DF3B7065-5B66-4340-89B1-5FAE32646224}.Sample|iPhone.ActiveCfg = Debug|iPhone
		{DF3B7065-5B66-4340-89B1-5FAE32646224}.Sample|iPhone.Build.0 = Debug|iPhone
		{DF3B7065-5B66-4340-89B1-5FAE32646224}.Sample|iPhoneSimulator.ActiveCfg = Debug|iPhoneSimulator
		{DF3B7065-5B66-4340-89B1-5FAE32646224}.Sample|iPhoneSimulator.Build.0 = Debug|iPhoneSimulator
		{DF3B7065-5B66-4340-89B1-5FAE32646224}.Screenshots|Any CPU.ActiveCfg = Debug|iPhoneSimulator
		{DF3B7065-5B66-4340-89B1-5FAE32646224}.Screenshots|Any CPU.Build.0 = Debug|iPhoneSimulator
		{DF3B7065-5B66-4340-89B1-5FAE32646224}.Screenshots|iPhone.ActiveCfg = Debug|iPhone
		{DF3B7065-5B66-4340-89B1-5FAE32646224}.Screenshots|iPhone.Build.0 = Debug|iPhone
		{DF3B7065-5B66-4340-89B1-5FAE32646224}.Screenshots|iPhoneSimulator.ActiveCfg = Debug|iPhoneSimulator
		{DF3B7065-5B66-4340-89B1-5FAE32646224}.Screenshots|iPhoneSimulator.Build.0 = Debug|iPhoneSimulator
		{E19946A6-A31A-4FDD-8E38-1D7873EB8836}.Debug|Any CPU.ActiveCfg = Debug|Any CPU
		{E19946A6-A31A-4FDD-8E38-1D7873EB8836}.Debug|Any CPU.Build.0 = Debug|Any CPU
		{E19946A6-A31A-4FDD-8E38-1D7873EB8836}.Debug|iPhone.ActiveCfg = Debug|Any CPU
		{E19946A6-A31A-4FDD-8E38-1D7873EB8836}.Debug|iPhone.Build.0 = Debug|Any CPU
		{E19946A6-A31A-4FDD-8E38-1D7873EB8836}.Debug|iPhoneSimulator.ActiveCfg = Debug|Any CPU
		{E19946A6-A31A-4FDD-8E38-1D7873EB8836}.Debug|iPhoneSimulator.Build.0 = Debug|Any CPU
		{E19946A6-A31A-4FDD-8E38-1D7873EB8836}.Release Ad Hoc|Any CPU.ActiveCfg = Release Ad Hoc|Any CPU
		{E19946A6-A31A-4FDD-8E38-1D7873EB8836}.Release Ad Hoc|Any CPU.Build.0 = Release Ad Hoc|Any CPU
		{E19946A6-A31A-4FDD-8E38-1D7873EB8836}.Release Ad Hoc|iPhone.ActiveCfg = Release Ad Hoc|Any CPU
		{E19946A6-A31A-4FDD-8E38-1D7873EB8836}.Release Ad Hoc|iPhone.Build.0 = Release Ad Hoc|Any CPU
		{E19946A6-A31A-4FDD-8E38-1D7873EB8836}.Release Ad Hoc|iPhoneSimulator.ActiveCfg = Release Ad Hoc|Any CPU
		{E19946A6-A31A-4FDD-8E38-1D7873EB8836}.Release Ad Hoc|iPhoneSimulator.Build.0 = Release Ad Hoc|Any CPU
		{E19946A6-A31A-4FDD-8E38-1D7873EB8836}.Release Distribution|Any CPU.ActiveCfg = Release|Any CPU
		{E19946A6-A31A-4FDD-8E38-1D7873EB8836}.Release Distribution|Any CPU.Build.0 = Release|Any CPU
		{E19946A6-A31A-4FDD-8E38-1D7873EB8836}.Release Distribution|iPhone.ActiveCfg = Release|Any CPU
		{E19946A6-A31A-4FDD-8E38-1D7873EB8836}.Release Distribution|iPhone.Build.0 = Release|Any CPU
		{E19946A6-A31A-4FDD-8E38-1D7873EB8836}.Release Distribution|iPhoneSimulator.ActiveCfg = Release|Any CPU
		{E19946A6-A31A-4FDD-8E38-1D7873EB8836}.Release Distribution|iPhoneSimulator.Build.0 = Release|Any CPU
		{E19946A6-A31A-4FDD-8E38-1D7873EB8836}.Sample|Any CPU.ActiveCfg = Debug|Any CPU
		{E19946A6-A31A-4FDD-8E38-1D7873EB8836}.Sample|Any CPU.Build.0 = Debug|Any CPU
		{E19946A6-A31A-4FDD-8E38-1D7873EB8836}.Sample|iPhone.ActiveCfg = Debug|Any CPU
		{E19946A6-A31A-4FDD-8E38-1D7873EB8836}.Sample|iPhone.Build.0 = Debug|Any CPU
		{E19946A6-A31A-4FDD-8E38-1D7873EB8836}.Sample|iPhoneSimulator.ActiveCfg = Debug|Any CPU
		{E19946A6-A31A-4FDD-8E38-1D7873EB8836}.Sample|iPhoneSimulator.Build.0 = Debug|Any CPU
		{E19946A6-A31A-4FDD-8E38-1D7873EB8836}.Screenshots|Any CPU.ActiveCfg = Debug|Any CPU
		{E19946A6-A31A-4FDD-8E38-1D7873EB8836}.Screenshots|Any CPU.Build.0 = Debug|Any CPU
		{E19946A6-A31A-4FDD-8E38-1D7873EB8836}.Screenshots|iPhone.ActiveCfg = Debug|Any CPU
		{E19946A6-A31A-4FDD-8E38-1D7873EB8836}.Screenshots|iPhone.Build.0 = Debug|Any CPU
		{E19946A6-A31A-4FDD-8E38-1D7873EB8836}.Screenshots|iPhoneSimulator.ActiveCfg = Debug|Any CPU
		{E19946A6-A31A-4FDD-8E38-1D7873EB8836}.Screenshots|iPhoneSimulator.Build.0 = Debug|Any CPU
		{507D7663-212D-4E72-842D-D0689E57777F}.Debug|Any CPU.ActiveCfg = Debug|Any CPU
		{507D7663-212D-4E72-842D-D0689E57777F}.Debug|Any CPU.Build.0 = Debug|Any CPU
		{507D7663-212D-4E72-842D-D0689E57777F}.Debug|iPhone.ActiveCfg = Debug|Any CPU
		{507D7663-212D-4E72-842D-D0689E57777F}.Debug|iPhone.Build.0 = Debug|Any CPU
		{507D7663-212D-4E72-842D-D0689E57777F}.Debug|iPhoneSimulator.ActiveCfg = Debug|Any CPU
		{507D7663-212D-4E72-842D-D0689E57777F}.Debug|iPhoneSimulator.Build.0 = Debug|Any CPU
		{507D7663-212D-4E72-842D-D0689E57777F}.Release Ad Hoc|Any CPU.ActiveCfg = Release Ad Hoc|Any CPU
		{507D7663-212D-4E72-842D-D0689E57777F}.Release Ad Hoc|Any CPU.Build.0 = Release Ad Hoc|Any CPU
		{507D7663-212D-4E72-842D-D0689E57777F}.Release Ad Hoc|iPhone.ActiveCfg = Release|Any CPU
		{507D7663-212D-4E72-842D-D0689E57777F}.Release Ad Hoc|iPhone.Build.0 = Release|Any CPU
		{507D7663-212D-4E72-842D-D0689E57777F}.Release Ad Hoc|iPhoneSimulator.ActiveCfg = Release Ad Hoc|Any CPU
		{507D7663-212D-4E72-842D-D0689E57777F}.Release Ad Hoc|iPhoneSimulator.Build.0 = Release Ad Hoc|Any CPU
		{507D7663-212D-4E72-842D-D0689E57777F}.Release Distribution|Any CPU.ActiveCfg = Release|Any CPU
		{507D7663-212D-4E72-842D-D0689E57777F}.Release Distribution|Any CPU.Build.0 = Release|Any CPU
		{507D7663-212D-4E72-842D-D0689E57777F}.Release Distribution|iPhone.ActiveCfg = Release|Any CPU
		{507D7663-212D-4E72-842D-D0689E57777F}.Release Distribution|iPhone.Build.0 = Release|Any CPU
		{507D7663-212D-4E72-842D-D0689E57777F}.Release Distribution|iPhoneSimulator.ActiveCfg = Release|Any CPU
		{507D7663-212D-4E72-842D-D0689E57777F}.Release Distribution|iPhoneSimulator.Build.0 = Release|Any CPU
		{507D7663-212D-4E72-842D-D0689E57777F}.Sample|Any CPU.ActiveCfg = Debug|Any CPU
		{507D7663-212D-4E72-842D-D0689E57777F}.Sample|Any CPU.Build.0 = Debug|Any CPU
		{507D7663-212D-4E72-842D-D0689E57777F}.Sample|iPhone.ActiveCfg = Debug|Any CPU
		{507D7663-212D-4E72-842D-D0689E57777F}.Sample|iPhone.Build.0 = Debug|Any CPU
		{507D7663-212D-4E72-842D-D0689E57777F}.Sample|iPhoneSimulator.ActiveCfg = Debug|Any CPU
		{507D7663-212D-4E72-842D-D0689E57777F}.Sample|iPhoneSimulator.Build.0 = Debug|Any CPU
		{507D7663-212D-4E72-842D-D0689E57777F}.Screenshots|Any CPU.ActiveCfg = Debug|Any CPU
		{507D7663-212D-4E72-842D-D0689E57777F}.Screenshots|Any CPU.Build.0 = Debug|Any CPU
		{507D7663-212D-4E72-842D-D0689E57777F}.Screenshots|iPhone.ActiveCfg = Debug|Any CPU
		{507D7663-212D-4E72-842D-D0689E57777F}.Screenshots|iPhone.Build.0 = Debug|Any CPU
		{507D7663-212D-4E72-842D-D0689E57777F}.Screenshots|iPhoneSimulator.ActiveCfg = Debug|Any CPU
		{507D7663-212D-4E72-842D-D0689E57777F}.Screenshots|iPhoneSimulator.Build.0 = Debug|Any CPU
	EndGlobalSection
	GlobalSection(SolutionProperties) = preSolution
		HideSolutionNode = FALSE
	EndGlobalSection
	GlobalSection(ExtensibilityGlobals) = postSolution
		SolutionGuid = {BC9B53B3-79B1-43A2-AD57-5339E9F99F9F}
	EndGlobalSection
EndGlobal
