Microsoft Visual Studio Solution File, Format Version 12.00
# Visual Studio Version 17
VisualStudioVersion = 17.2.32630.192
MinimumVisualStudioVersion = 10.0.40219.1
Project("{9A19103F-16F7-4668-BE54-9A1E7A4F7556}") = "System.Extensions", "..\..\Code\C#\System.Extensions\System.Extensions.csproj", "{F2E94F0B-5217-44A2-8747-A28C1D8C7E4B}"
EndProject
Project("{9A19103F-16F7-4668-BE54-9A1E7A4F7556}") = "MoviesTests", "MoviesTests\MoviesTests.csproj", "{E19946A6-A31A-4FDD-8E38-1D7873EB8836}"
EndProject
Project("{9A19103F-16F7-4668-BE54-9A1E7A4F7556}") = "MauiExtensions", "..\..\Code\C#\MauiExtensions\MauiExtensions.csproj", "{B8E735D2-E4D1-4579-8936-AA7D8303278E}"
EndProject
Project("{9A19103F-16F7-4668-BE54-9A1E7A4F7556}") = "Movies", "Movies\Movies.csproj", "{1106903A-6C83-4E2F-B9E6-C8890D0F908E}"
EndProject
Global
	GlobalSection(SolutionConfigurationPlatforms) = preSolution
		Debug|Any CPU = Debug|Any CPU
		Debug|iPhone = Debug|iPhone
		Debug|iPhoneSimulator = Debug|iPhoneSimulator
		Release Ad Hoc|Any CPU = Release Ad Hoc|Any CPU
		Release Ad Hoc|iPhone = Release Ad Hoc|iPhone
		Release Ad Hoc|iPhoneSimulator = Release Ad Hoc|iPhoneSimulator
		Release|Any CPU = Release|Any CPU
		Release|iPhone = Release|iPhone
		Release|iPhoneSimulator = Release|iPhoneSimulator
	EndGlobalSection
	GlobalSection(ProjectConfigurationPlatforms) = postSolution
		{F2E94F0B-5217-44A2-8747-A28C1D8C7E4B}.Debug|Any CPU.ActiveCfg = Debug|Any CPU
		{F2E94F0B-5217-44A2-8747-A28C1D8C7E4B}.Debug|Any CPU.Build.0 = Debug|Any CPU
		{F2E94F0B-5217-44A2-8747-A28C1D8C7E4B}.Debug|iPhone.ActiveCfg = Debug|Any CPU
		{F2E94F0B-5217-44A2-8747-A28C1D8C7E4B}.Debug|iPhone.Build.0 = Debug|Any CPU
		{F2E94F0B-5217-44A2-8747-A28C1D8C7E4B}.Debug|iPhoneSimulator.ActiveCfg = Debug|Any CPU
		{F2E94F0B-5217-44A2-8747-A28C1D8C7E4B}.Debug|iPhoneSimulator.Build.0 = Debug|Any CPU
		{F2E94F0B-5217-44A2-8747-A28C1D8C7E4B}.Release Ad Hoc|Any CPU.ActiveCfg = Release|Any CPU
		{F2E94F0B-5217-44A2-8747-A28C1D8C7E4B}.Release Ad Hoc|Any CPU.Build.0 = Release|Any CPU
		{F2E94F0B-5217-44A2-8747-A28C1D8C7E4B}.Release Ad Hoc|iPhone.ActiveCfg = Release|Any CPU
		{F2E94F0B-5217-44A2-8747-A28C1D8C7E4B}.Release Ad Hoc|iPhone.Build.0 = Release|Any CPU
		{F2E94F0B-5217-44A2-8747-A28C1D8C7E4B}.Release Ad Hoc|iPhoneSimulator.ActiveCfg = Release|Any CPU
		{F2E94F0B-5217-44A2-8747-A28C1D8C7E4B}.Release Ad Hoc|iPhoneSimulator.Build.0 = Release|Any CPU
		{F2E94F0B-5217-44A2-8747-A28C1D8C7E4B}.Release|Any CPU.ActiveCfg = Release|Any CPU
		{F2E94F0B-5217-44A2-8747-A28C1D8C7E4B}.Release|Any CPU.Build.0 = Release|Any CPU
		{F2E94F0B-5217-44A2-8747-A28C1D8C7E4B}.Release|iPhone.ActiveCfg = Release|Any CPU
		{F2E94F0B-5217-44A2-8747-A28C1D8C7E4B}.Release|iPhone.Build.0 = Release|Any CPU
		{F2E94F0B-5217-44A2-8747-A28C1D8C7E4B}.Release|iPhoneSimulator.ActiveCfg = Release|Any CPU
		{F2E94F0B-5217-44A2-8747-A28C1D8C7E4B}.Release|iPhoneSimulator.Build.0 = Release|Any CPU
		{E19946A6-A31A-4FDD-8E38-1D7873EB8836}.Debug|Any CPU.ActiveCfg = Debug|Any CPU
		{E19946A6-A31A-4FDD-8E38-1D7873EB8836}.Debug|Any CPU.Build.0 = Debug|Any CPU
		{E19946A6-A31A-4FDD-8E38-1D7873EB8836}.Debug|iPhone.ActiveCfg = Debug|Any CPU
		{E19946A6-A31A-4FDD-8E38-1D7873EB8836}.Debug|iPhone.Build.0 = Debug|Any CPU
		{E19946A6-A31A-4FDD-8E38-1D7873EB8836}.Debug|iPhoneSimulator.ActiveCfg = Debug|Any CPU
		{E19946A6-A31A-4FDD-8E38-1D7873EB8836}.Debug|iPhoneSimulator.Build.0 = Debug|Any CPU
		{E19946A6-A31A-4FDD-8E38-1D7873EB8836}.Release Ad Hoc|Any CPU.ActiveCfg = Release|Any CPU
		{E19946A6-A31A-4FDD-8E38-1D7873EB8836}.Release Ad Hoc|iPhone.ActiveCfg = Release|Any CPU
		{E19946A6-A31A-4FDD-8E38-1D7873EB8836}.Release Ad Hoc|iPhoneSimulator.ActiveCfg = Release|Any CPU
		{E19946A6-A31A-4FDD-8E38-1D7873EB8836}.Release|Any CPU.ActiveCfg = Release|Any CPU
		{E19946A6-A31A-4FDD-8E38-1D7873EB8836}.Release|iPhone.ActiveCfg = Release|Any CPU
		{E19946A6-A31A-4FDD-8E38-1D7873EB8836}.Release|iPhone.Build.0 = Release|Any CPU
		{E19946A6-A31A-4FDD-8E38-1D7873EB8836}.Release|iPhoneSimulator.ActiveCfg = Release|Any CPU
		{B8E735D2-E4D1-4579-8936-AA7D8303278E}.Debug|Any CPU.ActiveCfg = Debug|Any CPU
		{B8E735D2-E4D1-4579-8936-AA7D8303278E}.Debug|Any CPU.Build.0 = Debug|Any CPU
		{B8E735D2-E4D1-4579-8936-AA7D8303278E}.Debug|iPhone.ActiveCfg = Debug|Any CPU
		{B8E735D2-E4D1-4579-8936-AA7D8303278E}.Debug|iPhone.Build.0 = Debug|Any CPU
		{B8E735D2-E4D1-4579-8936-AA7D8303278E}.Debug|iPhoneSimulator.ActiveCfg = Debug|Any CPU
		{B8E735D2-E4D1-4579-8936-AA7D8303278E}.Debug|iPhoneSimulator.Build.0 = Debug|Any CPU
		{B8E735D2-E4D1-4579-8936-AA7D8303278E}.Release Ad Hoc|Any CPU.ActiveCfg = Release|Any CPU
		{B8E735D2-E4D1-4579-8936-AA7D8303278E}.Release Ad Hoc|Any CPU.Build.0 = Release|Any CPU
		{B8E735D2-E4D1-4579-8936-AA7D8303278E}.Release Ad Hoc|iPhone.ActiveCfg = Release|Any CPU
		{B8E735D2-E4D1-4579-8936-AA7D8303278E}.Release Ad Hoc|iPhone.Build.0 = Release|Any CPU
		{B8E735D2-E4D1-4579-8936-AA7D8303278E}.Release Ad Hoc|iPhoneSimulator.ActiveCfg = Release|Any CPU
		{B8E735D2-E4D1-4579-8936-AA7D8303278E}.Release Ad Hoc|iPhoneSimulator.Build.0 = Release|Any CPU
		{B8E735D2-E4D1-4579-8936-AA7D8303278E}.Release|Any CPU.ActiveCfg = Release|Any CPU
		{B8E735D2-E4D1-4579-8936-AA7D8303278E}.Release|Any CPU.Build.0 = Release|Any CPU
		{B8E735D2-E4D1-4579-8936-AA7D8303278E}.Release|iPhone.ActiveCfg = Release|Any CPU
		{B8E735D2-E4D1-4579-8936-AA7D8303278E}.Release|iPhone.Build.0 = Release|Any CPU
		{B8E735D2-E4D1-4579-8936-AA7D8303278E}.Release|iPhoneSimulator.ActiveCfg = Release|Any CPU
		{B8E735D2-E4D1-4579-8936-AA7D8303278E}.Release|iPhoneSimulator.Build.0 = Release|Any CPU
		{1106903A-6C83-4E2F-B9E6-C8890D0F908E}.Debug|Any CPU.ActiveCfg = Debug|Any CPU
		{1106903A-6C83-4E2F-B9E6-C8890D0F908E}.Debug|Any CPU.Build.0 = Debug|Any CPU
		{1106903A-6C83-4E2F-B9E6-C8890D0F908E}.Debug|Any CPU.Deploy.0 = Debug|Any CPU
		{1106903A-6C83-4E2F-B9E6-C8890D0F908E}.Debug|iPhone.ActiveCfg = Debug|Any CPU
		{1106903A-6C83-4E2F-B9E6-C8890D0F908E}.Debug|iPhone.Build.0 = Debug|Any CPU
		{1106903A-6C83-4E2F-B9E6-C8890D0F908E}.Debug|iPhone.Deploy.0 = Debug|Any CPU
		{1106903A-6C83-4E2F-B9E6-C8890D0F908E}.Debug|iPhoneSimulator.ActiveCfg = Debug|Any CPU
		{1106903A-6C83-4E2F-B9E6-C8890D0F908E}.Debug|iPhoneSimulator.Build.0 = Debug|Any CPU
		{1106903A-6C83-4E2F-B9E6-C8890D0F908E}.Debug|iPhoneSimulator.Deploy.0 = Debug|Any CPU
		{1106903A-6C83-4E2F-B9E6-C8890D0F908E}.Release Ad Hoc|Any CPU.ActiveCfg = Release|Any CPU
		{1106903A-6C83-4E2F-B9E6-C8890D0F908E}.Release Ad Hoc|Any CPU.Build.0 = Release|Any CPU
		{1106903A-6C83-4E2F-B9E6-C8890D0F908E}.Release Ad Hoc|Any CPU.Deploy.0 = Release|Any CPU
		{1106903A-6C83-4E2F-B9E6-C8890D0F908E}.Release Ad Hoc|iPhone.ActiveCfg = Release|Any CPU
		{1106903A-6C83-4E2F-B9E6-C8890D0F908E}.Release Ad Hoc|iPhone.Build.0 = Release|Any CPU
		{1106903A-6C83-4E2F-B9E6-C8890D0F908E}.Release Ad Hoc|iPhone.Deploy.0 = Release|Any CPU
		{1106903A-6C83-4E2F-B9E6-C8890D0F908E}.Release Ad Hoc|iPhoneSimulator.ActiveCfg = Release|Any CPU
		{1106903A-6C83-4E2F-B9E6-C8890D0F908E}.Release Ad Hoc|iPhoneSimulator.Build.0 = Release|Any CPU
		{1106903A-6C83-4E2F-B9E6-C8890D0F908E}.Release Ad Hoc|iPhoneSimulator.Deploy.0 = Release|Any CPU
		{1106903A-6C83-4E2F-B9E6-C8890D0F908E}.Release|Any CPU.ActiveCfg = Release|Any CPU
		{1106903A-6C83-4E2F-B9E6-C8890D0F908E}.Release|Any CPU.Build.0 = Release|Any CPU
		{1106903A-6C83-4E2F-B9E6-C8890D0F908E}.Release|Any CPU.Deploy.0 = Release|Any CPU
		{1106903A-6C83-4E2F-B9E6-C8890D0F908E}.Release|iPhone.ActiveCfg = Release|Any CPU
		{1106903A-6C83-4E2F-B9E6-C8890D0F908E}.Release|iPhone.Build.0 = Release|Any CPU
		{1106903A-6C83-4E2F-B9E6-C8890D0F908E}.Release|iPhone.Deploy.0 = Release|Any CPU
		{1106903A-6C83-4E2F-B9E6-C8890D0F908E}.Release|iPhoneSimulator.ActiveCfg = Release|Any CPU
		{1106903A-6C83-4E2F-B9E6-C8890D0F908E}.Release|iPhoneSimulator.Build.0 = Release|Any CPU
		{1106903A-6C83-4E2F-B9E6-C8890D0F908E}.Release|iPhoneSimulator.Deploy.0 = Release|Any CPU
	EndGlobalSection
	GlobalSection(SolutionProperties) = preSolution
		HideSolutionNode = FALSE
	EndGlobalSection
	GlobalSection(ExtensibilityGlobals) = postSolution
		SolutionGuid = {BC9B53B3-79B1-43A2-AD57-5339E9F99F9F}
	EndGlobalSection
EndGlobal
